
Microsoft Visual Studio Solution File, Format Version 12.00
# Visual Studio Version 16
VisualStudioVersion = 16.0.30523.141
MinimumVisualStudioVersion = 10.0.40219.1
Project("{FAE04EC0-301F-11D3-BF4B-00C04F79EFBC}") = "LocadoraDeVeiculos", "LocadoraDeVeiculos.csproj", "{08C0F561-DE3C-4F77-BCC4-1AE0DDBDC369}"
EndProject
Global
	GlobalSection(SolutionConfigurationPlatforms) = preSolution
		Debug|Any CPU = Debug|Any CPU
		Release|Any CPU = Release|Any CPU
	EndGlobalSection
	GlobalSection(ProjectConfigurationPlatforms) = postSolution
		{08C0F561-DE3C-4F77-BCC4-1AE0DDBDC369}.Debug|Any CPU.ActiveCfg = Debug|Any CPU
		{08C0F561-DE3C-4F77-BCC4-1AE0DDBDC369}.Debug|Any CPU.Build.0 = Debug|Any CPU
		{08C0F561-DE3C-4F77-BCC4-1AE0DDBDC369}.Release|Any CPU.ActiveCfg = Release|Any CPU
		{08C0F561-DE3C-4F77-BCC4-1AE0DDBDC369}.Release|Any CPU.Build.0 = Release|Any CPU
	EndGlobalSection
	GlobalSection(SolutionProperties) = preSolution
		HideSolutionNode = FALSE
	EndGlobalSection
	GlobalSection(ExtensibilityGlobals) = postSolution
		SolutionGuid = {BE9F1D17-8EFF-4D77-AE18-51E8306B424D}
	EndGlobalSection
EndGlobal
